
Microsoft Visual Studio Solution File, Format Version 12.00
# Visual Studio Version 16
VisualStudioVersion = 16.6.30114.105
MinimumVisualStudioVersion = 10.0.40219.1
Project("{2150E333-8FDC-42A3-9474-1A3956D46DE8}") = "src", "src", "{E19A1492-6033-47A8-B750-F4CFF4F47BBD}"
EndProject
Project("{2150E333-8FDC-42A3-9474-1A3956D46DE8}") = "Presentation", "Presentation", "{7F7EED0E-94E0-4C5F-A140-A67E3C443321}"
EndProject
Project("{FAE04EC0-301F-11D3-BF4B-00C04F79EFBC}") = "BodyGenesisFit.AccountManager.Server", "src\BodyGenesisFit.AccountManager\Server\BodyGenesisFit.AccountManager.Server.csproj", "{02083AA4-2912-42BE-8B29-C932A3B90397}"
EndProject
Project("{FAE04EC0-301F-11D3-BF4B-00C04F79EFBC}") = "BodyGenesisFit.AccountManager.Client", "src\BodyGenesisFit.AccountManager\Client\BodyGenesisFit.AccountManager.Client.csproj", "{33496E0B-148A-404D-8876-D93FCAAF1CB8}"
EndProject
Project("{FAE04EC0-301F-11D3-BF4B-00C04F79EFBC}") = "BodyGenesisFit.AccountManager.Shared", "src\BodyGenesisFit.AccountManager\Shared\BodyGenesisFit.AccountManager.Shared.csproj", "{C6A00805-E5EE-4102-8232-7710A4F21AAD}"
EndProject
Project("{FAE04EC0-301F-11D3-BF4B-00C04F79EFBC}") = "BodyGenesisFit.Core", "src\BodyGenesisFit.Core\BodyGenesisFit.Core.csproj", "{EB6BEB9A-3367-40BB-A61C-5FF011973628}"
EndProject
Global
	GlobalSection(SolutionConfigurationPlatforms) = preSolution
		Debug|Any CPU = Debug|Any CPU
		Debug|x64 = Debug|x64
		Debug|x86 = Debug|x86
		Release|Any CPU = Release|Any CPU
		Release|x64 = Release|x64
		Release|x86 = Release|x86
	EndGlobalSection
	GlobalSection(ProjectConfigurationPlatforms) = postSolution
		{02083AA4-2912-42BE-8B29-C932A3B90397}.Debug|Any CPU.ActiveCfg = Debug|Any CPU
		{02083AA4-2912-42BE-8B29-C932A3B90397}.Debug|Any CPU.Build.0 = Debug|Any CPU
		{02083AA4-2912-42BE-8B29-C932A3B90397}.Debug|x64.ActiveCfg = Debug|Any CPU
		{02083AA4-2912-42BE-8B29-C932A3B90397}.Debug|x64.Build.0 = Debug|Any CPU
		{02083AA4-2912-42BE-8B29-C932A3B90397}.Debug|x86.ActiveCfg = Debug|Any CPU
		{02083AA4-2912-42BE-8B29-C932A3B90397}.Debug|x86.Build.0 = Debug|Any CPU
		{02083AA4-2912-42BE-8B29-C932A3B90397}.Release|Any CPU.ActiveCfg = Release|Any CPU
		{02083AA4-2912-42BE-8B29-C932A3B90397}.Release|Any CPU.Build.0 = Release|Any CPU
		{02083AA4-2912-42BE-8B29-C932A3B90397}.Release|x64.ActiveCfg = Release|Any CPU
		{02083AA4-2912-42BE-8B29-C932A3B90397}.Release|x64.Build.0 = Release|Any CPU
		{02083AA4-2912-42BE-8B29-C932A3B90397}.Release|x86.ActiveCfg = Release|Any CPU
		{02083AA4-2912-42BE-8B29-C932A3B90397}.Release|x86.Build.0 = Release|Any CPU
		{33496E0B-148A-404D-8876-D93FCAAF1CB8}.Debug|Any CPU.ActiveCfg = Debug|Any CPU
		{33496E0B-148A-404D-8876-D93FCAAF1CB8}.Debug|Any CPU.Build.0 = Debug|Any CPU
		{33496E0B-148A-404D-8876-D93FCAAF1CB8}.Debug|x64.ActiveCfg = Debug|Any CPU
		{33496E0B-148A-404D-8876-D93FCAAF1CB8}.Debug|x64.Build.0 = Debug|Any CPU
		{33496E0B-148A-404D-8876-D93FCAAF1CB8}.Debug|x86.ActiveCfg = Debug|Any CPU
		{33496E0B-148A-404D-8876-D93FCAAF1CB8}.Debug|x86.Build.0 = Debug|Any CPU
		{33496E0B-148A-404D-8876-D93FCAAF1CB8}.Release|Any CPU.ActiveCfg = Release|Any CPU
		{33496E0B-148A-404D-8876-D93FCAAF1CB8}.Release|Any CPU.Build.0 = Release|Any CPU
		{33496E0B-148A-404D-8876-D93FCAAF1CB8}.Release|x64.ActiveCfg = Release|Any CPU
		{33496E0B-148A-404D-8876-D93FCAAF1CB8}.Release|x64.Build.0 = Release|Any CPU
		{33496E0B-148A-404D-8876-D93FCAAF1CB8}.Release|x86.ActiveCfg = Release|Any CPU
		{33496E0B-148A-404D-8876-D93FCAAF1CB8}.Release|x86.Build.0 = Release|Any CPU
		{C6A00805-E5EE-4102-8232-7710A4F21AAD}.Debug|Any CPU.ActiveCfg = Debug|Any CPU
		{C6A00805-E5EE-4102-8232-7710A4F21AAD}.Debug|Any CPU.Build.0 = Debug|Any CPU
		{C6A00805-E5EE-4102-8232-7710A4F21AAD}.Debug|x64.ActiveCfg = Debug|Any CPU
		{C6A00805-E5EE-4102-8232-7710A4F21AAD}.Debug|x64.Build.0 = Debug|Any CPU
		{C6A00805-E5EE-4102-8232-7710A4F21AAD}.Debug|x86.ActiveCfg = Debug|Any CPU
		{C6A00805-E5EE-4102-8232-7710A4F21AAD}.Debug|x86.Build.0 = Debug|Any CPU
		{C6A00805-E5EE-4102-8232-7710A4F21AAD}.Release|Any CPU.ActiveCfg = Release|Any CPU
		{C6A00805-E5EE-4102-8232-7710A4F21AAD}.Release|Any CPU.Build.0 = Release|Any CPU
		{C6A00805-E5EE-4102-8232-7710A4F21AAD}.Release|x64.ActiveCfg = Release|Any CPU
		{C6A00805-E5EE-4102-8232-7710A4F21AAD}.Release|x64.Build.0 = Release|Any CPU
		{C6A00805-E5EE-4102-8232-7710A4F21AAD}.Release|x86.ActiveCfg = Release|Any CPU
		{C6A00805-E5EE-4102-8232-7710A4F21AAD}.Release|x86.Build.0 = Release|Any CPU
		{EB6BEB9A-3367-40BB-A61C-5FF011973628}.Debug|Any CPU.ActiveCfg = Debug|Any CPU
		{EB6BEB9A-3367-40BB-A61C-5FF011973628}.Debug|Any CPU.Build.0 = Debug|Any CPU
		{EB6BEB9A-3367-40BB-A61C-5FF011973628}.Debug|x64.ActiveCfg = Debug|Any CPU
		{EB6BEB9A-3367-40BB-A61C-5FF011973628}.Debug|x64.Build.0 = Debug|Any CPU
		{EB6BEB9A-3367-40BB-A61C-5FF011973628}.Debug|x86.ActiveCfg = Debug|Any CPU
		{EB6BEB9A-3367-40BB-A61C-5FF011973628}.Debug|x86.Build.0 = Debug|Any CPU
		{EB6BEB9A-3367-40BB-A61C-5FF011973628}.Release|Any CPU.ActiveCfg = Release|Any CPU
		{EB6BEB9A-3367-40BB-A61C-5FF011973628}.Release|Any CPU.Build.0 = Release|Any CPU
		{EB6BEB9A-3367-40BB-A61C-5FF011973628}.Release|x64.ActiveCfg = Release|Any CPU
		{EB6BEB9A-3367-40BB-A61C-5FF011973628}.Release|x64.Build.0 = Release|Any CPU
		{EB6BEB9A-3367-40BB-A61C-5FF011973628}.Release|x86.ActiveCfg = Release|Any CPU
		{EB6BEB9A-3367-40BB-A61C-5FF011973628}.Release|x86.Build.0 = Release|Any CPU
	EndGlobalSection
	GlobalSection(SolutionProperties) = preSolution
		HideSolutionNode = FALSE
	EndGlobalSection
	GlobalSection(NestedProjects) = preSolution
		{7F7EED0E-94E0-4C5F-A140-A67E3C443321} = {E19A1492-6033-47A8-B750-F4CFF4F47BBD}
		{02083AA4-2912-42BE-8B29-C932A3B90397} = {7F7EED0E-94E0-4C5F-A140-A67E3C443321}
		{33496E0B-148A-404D-8876-D93FCAAF1CB8} = {7F7EED0E-94E0-4C5F-A140-A67E3C443321}
		{C6A00805-E5EE-4102-8232-7710A4F21AAD} = {7F7EED0E-94E0-4C5F-A140-A67E3C443321}
		{EB6BEB9A-3367-40BB-A61C-5FF011973628} = {E19A1492-6033-47A8-B750-F4CFF4F47BBD}
	EndGlobalSection
	GlobalSection(ExtensibilityGlobals) = postSolution
		SolutionGuid = {A006C811-1CE1-4EF9-A69C-DDC1431BA093}
	EndGlobalSection
EndGlobal
