
Microsoft Visual Studio Solution File, Format Version 12.00
# Visual Studio Version 16
VisualStudioVersion = 16.0.30413.136
MinimumVisualStudioVersion = 10.0.40219.1
Project("{2150E333-8FDC-42A3-9474-1A3956D46DE8}") = "src", "src", "{50B410C8-BBA1-4A59-822D-4E1C10518971}"
EndProject
Project("{2150E333-8FDC-42A3-9474-1A3956D46DE8}") = "Presentation", "Presentation", "{9638BF26-FDDC-4AE4-BCDF-8DD434EE2AA1}"
EndProject
Project("{2150E333-8FDC-42A3-9474-1A3956D46DE8}") = "Core", "Core", "{CFBF8DDC-687E-4886-9B3A-59B691893516}"
EndProject
Project("{2150E333-8FDC-42A3-9474-1A3956D46DE8}") = "Infrastructure", "Infrastructure", "{4D97A0DA-02BD-41BA-BED2-25DFA46656D4}"
EndProject
Project("{9A19103F-16F7-4668-BE54-9A1E7A4F7556}") = "BodyGenesis.Core", "src\Core\BodyGenesis.Core\BodyGenesis.Core.csproj", "{B8D48D1E-A538-4F48-87BD-8A13D2895479}"
EndProject
Project("{9A19103F-16F7-4668-BE54-9A1E7A4F7556}") = "BodyGenesis.Infrastructure.MongoDB", "src\Infrastructure\BodyGenesis.Infrastructure.MongoDB\BodyGenesis.Infrastructure.MongoDB.csproj", "{57AA08C3-79B8-40FC-82CD-D3DE04EC13FA}"
EndProject
Project("{9A19103F-16F7-4668-BE54-9A1E7A4F7556}") = "BodyGenesis.Presentation.Website", "src\Presentation\BodyGenesis.Presentation.Website\BodyGenesis.Presentation.Website.csproj", "{11E7A7A6-F023-4F55-B84D-7DA748E3CBFE}"
EndProject
Project("{2150E333-8FDC-42A3-9474-1A3956D46DE8}") = "Shared", "Shared", "{953598B4-DC9F-4839-8D61-F73D848BB8B2}"
EndProject
Project("{9A19103F-16F7-4668-BE54-9A1E7A4F7556}") = "BodyGenesis.Shared", "src\Shared\BodyGenesis.Shared\BodyGenesis.Shared.csproj", "{9824D099-A020-4DF1-9C5D-EB66D2835A2E}"
EndProject
Project("{9A19103F-16F7-4668-BE54-9A1E7A4F7556}") = "BodyGenesis.Infrastructure.SendGrid", "src\Infrastructure\BodyGenesis.Infrastructure.SendGrid\BodyGenesis.Infrastructure.SendGrid.csproj", "{7FCE96B0-0585-408A-8D64-FA34C943A676}"
EndProject
Global
	GlobalSection(SolutionConfigurationPlatforms) = preSolution
		Debug|Any CPU = Debug|Any CPU
		Release|Any CPU = Release|Any CPU
	EndGlobalSection
	GlobalSection(ProjectConfigurationPlatforms) = postSolution
		{B8D48D1E-A538-4F48-87BD-8A13D2895479}.Debug|Any CPU.ActiveCfg = Debug|Any CPU
		{B8D48D1E-A538-4F48-87BD-8A13D2895479}.Debug|Any CPU.Build.0 = Debug|Any CPU
		{B8D48D1E-A538-4F48-87BD-8A13D2895479}.Release|Any CPU.ActiveCfg = Release|Any CPU
		{B8D48D1E-A538-4F48-87BD-8A13D2895479}.Release|Any CPU.Build.0 = Release|Any CPU
		{57AA08C3-79B8-40FC-82CD-D3DE04EC13FA}.Debug|Any CPU.ActiveCfg = Debug|Any CPU
		{57AA08C3-79B8-40FC-82CD-D3DE04EC13FA}.Debug|Any CPU.Build.0 = Debug|Any CPU
		{57AA08C3-79B8-40FC-82CD-D3DE04EC13FA}.Release|Any CPU.ActiveCfg = Release|Any CPU
		{57AA08C3-79B8-40FC-82CD-D3DE04EC13FA}.Release|Any CPU.Build.0 = Release|Any CPU
		{11E7A7A6-F023-4F55-B84D-7DA748E3CBFE}.Debug|Any CPU.ActiveCfg = Debug|Any CPU
		{11E7A7A6-F023-4F55-B84D-7DA748E3CBFE}.Debug|Any CPU.Build.0 = Debug|Any CPU
		{11E7A7A6-F023-4F55-B84D-7DA748E3CBFE}.Release|Any CPU.ActiveCfg = Release|Any CPU
		{11E7A7A6-F023-4F55-B84D-7DA748E3CBFE}.Release|Any CPU.Build.0 = Release|Any CPU
		{9824D099-A020-4DF1-9C5D-EB66D2835A2E}.Debug|Any CPU.ActiveCfg = Debug|Any CPU
		{9824D099-A020-4DF1-9C5D-EB66D2835A2E}.Debug|Any CPU.Build.0 = Debug|Any CPU
		{9824D099-A020-4DF1-9C5D-EB66D2835A2E}.Release|Any CPU.ActiveCfg = Release|Any CPU
		{9824D099-A020-4DF1-9C5D-EB66D2835A2E}.Release|Any CPU.Build.0 = Release|Any CPU
		{7FCE96B0-0585-408A-8D64-FA34C943A676}.Debug|Any CPU.ActiveCfg = Debug|Any CPU
		{7FCE96B0-0585-408A-8D64-FA34C943A676}.Debug|Any CPU.Build.0 = Debug|Any CPU
		{7FCE96B0-0585-408A-8D64-FA34C943A676}.Release|Any CPU.ActiveCfg = Release|Any CPU
		{7FCE96B0-0585-408A-8D64-FA34C943A676}.Release|Any CPU.Build.0 = Release|Any CPU
	EndGlobalSection
	GlobalSection(SolutionProperties) = preSolution
		HideSolutionNode = FALSE
	EndGlobalSection
	GlobalSection(NestedProjects) = preSolution
		{9638BF26-FDDC-4AE4-BCDF-8DD434EE2AA1} = {50B410C8-BBA1-4A59-822D-4E1C10518971}
		{CFBF8DDC-687E-4886-9B3A-59B691893516} = {50B410C8-BBA1-4A59-822D-4E1C10518971}
		{4D97A0DA-02BD-41BA-BED2-25DFA46656D4} = {50B410C8-BBA1-4A59-822D-4E1C10518971}
		{B8D48D1E-A538-4F48-87BD-8A13D2895479} = {CFBF8DDC-687E-4886-9B3A-59B691893516}
		{57AA08C3-79B8-40FC-82CD-D3DE04EC13FA} = {4D97A0DA-02BD-41BA-BED2-25DFA46656D4}
		{11E7A7A6-F023-4F55-B84D-7DA748E3CBFE} = {9638BF26-FDDC-4AE4-BCDF-8DD434EE2AA1}
		{953598B4-DC9F-4839-8D61-F73D848BB8B2} = {50B410C8-BBA1-4A59-822D-4E1C10518971}
		{9824D099-A020-4DF1-9C5D-EB66D2835A2E} = {953598B4-DC9F-4839-8D61-F73D848BB8B2}
		{7FCE96B0-0585-408A-8D64-FA34C943A676} = {4D97A0DA-02BD-41BA-BED2-25DFA46656D4}
	EndGlobalSection
	GlobalSection(ExtensibilityGlobals) = postSolution
		SolutionGuid = {4F148C12-F80E-4BFC-9CA3-3C725FA9DE54}
	EndGlobalSection
EndGlobal
